// !$*UTF8*$!
{
	archiveVersion = 1;
	classes = {
	};
	objectVersion = 46;
	objects = {

/* Begin PBXBuildFile section */
		6A8EEF301D981DE30036CDDA /* NotificationViewController.m in Sources */ = {isa = PBXBuildFile; fileRef = 6A8EEF2F1D981DE30036CDDA /* NotificationViewController.m */; };
		6A8EEF331D9822850036CDDA /* PlaceNameViewController.m in Sources */ = {isa = PBXBuildFile; fileRef = 6A8EEF321D9822850036CDDA /* PlaceNameViewController.m */; };
		6A8EEF4A1D9824B30036CDDA /* DatePickerViewController.m in Sources */ = {isa = PBXBuildFile; fileRef = 6A8EEF491D9824B30036CDDA /* DatePickerViewController.m */; };
		6A8EEF4E1D9828360036CDDA /* SwitchTableViewCell.m in Sources */ = {isa = PBXBuildFile; fileRef = 6A8EEF4C1D9828360036CDDA /* SwitchTableViewCell.m */; };
		6A8EEF4F1D9828360036CDDA /* SwitchTableViewCell.xib in Resources */ = {isa = PBXBuildFile; fileRef = 6A8EEF4D1D9828360036CDDA /* SwitchTableViewCell.xib */; };
		6A8EEF531D9828560036CDDA /* PlaceNameTableViewCell.m in Sources */ = {isa = PBXBuildFile; fileRef = 6A8EEF511D9828560036CDDA /* PlaceNameTableViewCell.m */; };
		6A8EEF541D9828560036CDDA /* PlaceNameTableViewCell.xib in Resources */ = {isa = PBXBuildFile; fileRef = 6A8EEF521D9828560036CDDA /* PlaceNameTableViewCell.xib */; };
		6A8EEF581D9828790036CDDA /* TimeTableViewCell.m in Sources */ = {isa = PBXBuildFile; fileRef = 6A8EEF561D9828790036CDDA /* TimeTableViewCell.m */; };
		6A8EEF591D9828790036CDDA /* TimeTableViewCell.xib in Resources */ = {isa = PBXBuildFile; fileRef = 6A8EEF571D9828790036CDDA /* TimeTableViewCell.xib */; };
		7F5421CED4E85844C3D217C7 /* libPods-WeatherForecastAppUITests.a in Frameworks */ = {isa = PBXBuildFile; fileRef = 00EF0D5081BBE65F9CB7263B /* libPods-WeatherForecastAppUITests.a */; };
		8A2587261D7E7E3600530776 /* DailyForecastView.xib in Resources */ = {isa = PBXBuildFile; fileRef = 8A2587251D7E7E3600530776 /* DailyForecastView.xib */; };
		8A2587291D7E7E5A00530776 /* DailyForecastView.m in Sources */ = {isa = PBXBuildFile; fileRef = 8A2587281D7E7E5A00530776 /* DailyForecastView.m */; };
		8A3E2B371D823FA100D72A2F /* CurrentWeatherData.m in Sources */ = {isa = PBXBuildFile; fileRef = 8A3E2B361D823FA100D72A2F /* CurrentWeatherData.m */; };
		8A3E2B3E1D82694E00D72A2F /* APICommunication.m in Sources */ = {isa = PBXBuildFile; fileRef = 8A3E2B3D1D82694E00D72A2F /* APICommunication.m */; };
		8A5633561D7949D500206C8A /* ThreeHourForecastView.xib in Resources */ = {isa = PBXBuildFile; fileRef = 8A5633551D7949D500206C8A /* ThreeHourForecastView.xib */; };
		8A56335C1D7950EA00206C8A /* ThreeHourForecastView.m in Sources */ = {isa = PBXBuildFile; fileRef = 8A56335B1D7950EA00206C8A /* ThreeHourForecastView.m */; };
		8A7AB77F1D7CEE8A00B5A640 /* DetailViewController.m in Sources */ = {isa = PBXBuildFile; fileRef = 8A7AB77E1D7CEE8A00B5A640 /* DetailViewController.m */; };
		8A7AB7851D7CFC6C00B5A640 /* FavoritePlaces.m in Sources */ = {isa = PBXBuildFile; fileRef = 8A7AB7831D7CFC6C00B5A640 /* FavoritePlaces.m */; };
		8A83DAEE1D8B948300C5CC08 /* HistoryViewController.m in Sources */ = {isa = PBXBuildFile; fileRef = 8A83DAED1D8B948300C5CC08 /* HistoryViewController.m */; };
		8A83DAF11D8B996800C5CC08 /* OtherTabViewController.m in Sources */ = {isa = PBXBuildFile; fileRef = 8A83DAF01D8B996800C5CC08 /* OtherTabViewController.m */; };
		8A83DAF41D8BA7D900C5CC08 /* History.m in Sources */ = {isa = PBXBuildFile; fileRef = 8A83DAF31D8BA7D900C5CC08 /* History.m */; };
		8A9270C41D7FE98D00CC462E /* CustomAnnotation.m in Sources */ = {isa = PBXBuildFile; fileRef = 8A9270C31D7FE98D00CC462E /* CustomAnnotation.m */; };
		8A9270C71D7FE99700CC462E /* MapViewController.m in Sources */ = {isa = PBXBuildFile; fileRef = 8A9270C61D7FE99700CC462E /* MapViewController.m */; };
		8A9270DC1D7FEA8600CC462E /* MapKit.framework in Frameworks */ = {isa = PBXBuildFile; fileRef = 8A9270DB1D7FEA8600CC462E /* MapKit.framework */; };
		8A962E7F1D80E4610007913D /* Location.db in Resources */ = {isa = PBXBuildFile; fileRef = 8A962E7E1D80E4610007913D /* Location.db */; };
		8AB16D4F1D77A9E700BCF000 /* FavoriteTabViewController.m in Sources */ = {isa = PBXBuildFile; fileRef = 8AB16D4E1D77A9E700BCF000 /* FavoriteTabViewController.m */; };
		8ADC2AEC1D742424000EE9B3 /* main.m in Sources */ = {isa = PBXBuildFile; fileRef = 8ADC2AEB1D742424000EE9B3 /* main.m */; };
		8ADC2AEF1D742424000EE9B3 /* AppDelegate.m in Sources */ = {isa = PBXBuildFile; fileRef = 8ADC2AEE1D742424000EE9B3 /* AppDelegate.m */; };
		8ADC2AF51D742425000EE9B3 /* Main.storyboard in Resources */ = {isa = PBXBuildFile; fileRef = 8ADC2AF31D742425000EE9B3 /* Main.storyboard */; };
		8ADC2AF81D742425000EE9B3 /* WeatherForecastApp.xcdatamodeld in Sources */ = {isa = PBXBuildFile; fileRef = 8ADC2AF61D742425000EE9B3 /* WeatherForecastApp.xcdatamodeld */; };
		8ADC2AFA1D742425000EE9B3 /* Assets.xcassets in Resources */ = {isa = PBXBuildFile; fileRef = 8ADC2AF91D742425000EE9B3 /* Assets.xcassets */; };
		8ADC2AFD1D742425000EE9B3 /* LaunchScreen.storyboard in Resources */ = {isa = PBXBuildFile; fileRef = 8ADC2AFB1D742425000EE9B3 /* LaunchScreen.storyboard */; };
		8ADC2B081D742425000EE9B3 /* WeatherForecastAppTests.m in Sources */ = {isa = PBXBuildFile; fileRef = 8ADC2B071D742425000EE9B3 /* WeatherForecastAppTests.m */; };
		8ADC2B131D742425000EE9B3 /* WeatherForecastAppUITests.m in Sources */ = {isa = PBXBuildFile; fileRef = 8ADC2B121D742425000EE9B3 /* WeatherForecastAppUITests.m */; };
		8AFA8C0C1D892C4F00F6F30F /* CustomButton.m in Sources */ = {isa = PBXBuildFile; fileRef = 8AFA8C0B1D892C4F00F6F30F /* CustomButton.m */; };
		8AFB0CAD1D8A28DA00CB5688 /* QuartzCore.framework in Frameworks */ = {isa = PBXBuildFile; fileRef = 8AFB0CAC1D8A28DA00CB5688 /* QuartzCore.framework */; };
		8BC0A0C167FB10BE00E68275 /* libPods-WeatherForecastApp.a in Frameworks */ = {isa = PBXBuildFile; fileRef = D414901C46E2F4D178EEC342 /* libPods-WeatherForecastApp.a */; };
		C49643F0736E172A1D960504 /* libPods-WeatherForecastAppTests.a in Frameworks */ = {isa = PBXBuildFile; fileRef = 6BF08F1792209379C92DDF7A /* libPods-WeatherForecastAppTests.a */; };
/* End PBXBuildFile section */

/* Begin PBXContainerItemProxy section */
		8ADC2B041D742425000EE9B3 /* PBXContainerItemProxy */ = {
			isa = PBXContainerItemProxy;
			containerPortal = 8ADC2ADF1D742424000EE9B3 /* Project object */;
			proxyType = 1;
			remoteGlobalIDString = 8ADC2AE61D742424000EE9B3;
			remoteInfo = WeatherForecastApp;
		};
		8ADC2B0F1D742425000EE9B3 /* PBXContainerItemProxy */ = {
			isa = PBXContainerItemProxy;
			containerPortal = 8ADC2ADF1D742424000EE9B3 /* Project object */;
			proxyType = 1;
			remoteGlobalIDString = 8ADC2AE61D742424000EE9B3;
			remoteInfo = WeatherForecastApp;
		};
/* End PBXContainerItemProxy section */

/* Begin PBXFileReference section */
		00EF0D5081BBE65F9CB7263B /* libPods-WeatherForecastAppUITests.a */ = {isa = PBXFileReference; explicitFileType = archive.ar; includeInIndex = 0; path = "libPods-WeatherForecastAppUITests.a"; sourceTree = BUILT_PRODUCTS_DIR; };
		3F2FCA2597D5343C2E284187 /* Pods-WeatherForecastAppUITests.debug.xcconfig */ = {isa = PBXFileReference; includeInIndex = 1; lastKnownFileType = text.xcconfig; name = "Pods-WeatherForecastAppUITests.debug.xcconfig"; path = "Pods/Target Support Files/Pods-WeatherForecastAppUITests/Pods-WeatherForecastAppUITests.debug.xcconfig"; sourceTree = "<group>"; };
		45EFAF583178B5832B1CBF76 /* Pods-WeatherForecastApp.debug.xcconfig */ = {isa = PBXFileReference; includeInIndex = 1; lastKnownFileType = text.xcconfig; name = "Pods-WeatherForecastApp.debug.xcconfig"; path = "Pods/Target Support Files/Pods-WeatherForecastApp/Pods-WeatherForecastApp.debug.xcconfig"; sourceTree = "<group>"; };
		6A8EEF2E1D981DE30036CDDA /* NotificationViewController.h */ = {isa = PBXFileReference; fileEncoding = 4; lastKnownFileType = sourcecode.c.h; path = NotificationViewController.h; sourceTree = "<group>"; };
		6A8EEF2F1D981DE30036CDDA /* NotificationViewController.m */ = {isa = PBXFileReference; fileEncoding = 4; lastKnownFileType = sourcecode.c.objc; path = NotificationViewController.m; sourceTree = "<group>"; };
		6A8EEF311D9822850036CDDA /* PlaceNameViewController.h */ = {isa = PBXFileReference; fileEncoding = 4; lastKnownFileType = sourcecode.c.h; path = PlaceNameViewController.h; sourceTree = "<group>"; };
		6A8EEF321D9822850036CDDA /* PlaceNameViewController.m */ = {isa = PBXFileReference; fileEncoding = 4; lastKnownFileType = sourcecode.c.objc; path = PlaceNameViewController.m; sourceTree = "<group>"; };
		6A8EEF481D9824B30036CDDA /* DatePickerViewController.h */ = {isa = PBXFileReference; fileEncoding = 4; lastKnownFileType = sourcecode.c.h; path = DatePickerViewController.h; sourceTree = "<group>"; };
		6A8EEF491D9824B30036CDDA /* DatePickerViewController.m */ = {isa = PBXFileReference; fileEncoding = 4; lastKnownFileType = sourcecode.c.objc; path = DatePickerViewController.m; sourceTree = "<group>"; };
		6A8EEF4B1D9828360036CDDA /* SwitchTableViewCell.h */ = {isa = PBXFileReference; fileEncoding = 4; lastKnownFileType = sourcecode.c.h; path = SwitchTableViewCell.h; sourceTree = "<group>"; };
		6A8EEF4C1D9828360036CDDA /* SwitchTableViewCell.m */ = {isa = PBXFileReference; fileEncoding = 4; lastKnownFileType = sourcecode.c.objc; path = SwitchTableViewCell.m; sourceTree = "<group>"; };
		6A8EEF4D1D9828360036CDDA /* SwitchTableViewCell.xib */ = {isa = PBXFileReference; fileEncoding = 4; lastKnownFileType = file.xib; path = SwitchTableViewCell.xib; sourceTree = "<group>"; };
		6A8EEF501D9828560036CDDA /* PlaceNameTableViewCell.h */ = {isa = PBXFileReference; fileEncoding = 4; lastKnownFileType = sourcecode.c.h; path = PlaceNameTableViewCell.h; sourceTree = "<group>"; };
		6A8EEF511D9828560036CDDA /* PlaceNameTableViewCell.m */ = {isa = PBXFileReference; fileEncoding = 4; lastKnownFileType = sourcecode.c.objc; path = PlaceNameTableViewCell.m; sourceTree = "<group>"; };
		6A8EEF521D9828560036CDDA /* PlaceNameTableViewCell.xib */ = {isa = PBXFileReference; fileEncoding = 4; lastKnownFileType = file.xib; path = PlaceNameTableViewCell.xib; sourceTree = "<group>"; };
		6A8EEF551D9828790036CDDA /* TimeTableViewCell.h */ = {isa = PBXFileReference; fileEncoding = 4; lastKnownFileType = sourcecode.c.h; path = TimeTableViewCell.h; sourceTree = "<group>"; };
		6A8EEF561D9828790036CDDA /* TimeTableViewCell.m */ = {isa = PBXFileReference; fileEncoding = 4; lastKnownFileType = sourcecode.c.objc; path = TimeTableViewCell.m; sourceTree = "<group>"; };
		6A8EEF571D9828790036CDDA /* TimeTableViewCell.xib */ = {isa = PBXFileReference; fileEncoding = 4; lastKnownFileType = file.xib; path = TimeTableViewCell.xib; sourceTree = "<group>"; };
		6BF08F1792209379C92DDF7A /* libPods-WeatherForecastAppTests.a */ = {isa = PBXFileReference; explicitFileType = archive.ar; includeInIndex = 0; path = "libPods-WeatherForecastAppTests.a"; sourceTree = BUILT_PRODUCTS_DIR; };
		8A2587251D7E7E3600530776 /* DailyForecastView.xib */ = {isa = PBXFileReference; fileEncoding = 4; lastKnownFileType = file.xib; path = DailyForecastView.xib; sourceTree = "<group>"; };
		8A2587271D7E7E5A00530776 /* DailyForecastView.h */ = {isa = PBXFileReference; fileEncoding = 4; lastKnownFileType = sourcecode.c.h; path = DailyForecastView.h; sourceTree = "<group>"; };
		8A2587281D7E7E5A00530776 /* DailyForecastView.m */ = {isa = PBXFileReference; fileEncoding = 4; lastKnownFileType = sourcecode.c.objc; path = DailyForecastView.m; sourceTree = "<group>"; };
		8A3E2B351D823FA100D72A2F /* CurrentWeatherData.h */ = {isa = PBXFileReference; fileEncoding = 4; lastKnownFileType = sourcecode.c.h; path = CurrentWeatherData.h; sourceTree = "<group>"; };
		8A3E2B361D823FA100D72A2F /* CurrentWeatherData.m */ = {isa = PBXFileReference; fileEncoding = 4; lastKnownFileType = sourcecode.c.objc; path = CurrentWeatherData.m; sourceTree = "<group>"; };
		8A3E2B3C1D82694E00D72A2F /* APICommunication.h */ = {isa = PBXFileReference; fileEncoding = 4; lastKnownFileType = sourcecode.c.h; path = APICommunication.h; sourceTree = "<group>"; };
		8A3E2B3D1D82694E00D72A2F /* APICommunication.m */ = {isa = PBXFileReference; fileEncoding = 4; lastKnownFileType = sourcecode.c.objc; path = APICommunication.m; sourceTree = "<group>"; };
		8A5633551D7949D500206C8A /* ThreeHourForecastView.xib */ = {isa = PBXFileReference; fileEncoding = 4; lastKnownFileType = file.xib; path = ThreeHourForecastView.xib; sourceTree = "<group>"; };
		8A56335A1D7950EA00206C8A /* ThreeHourForecastView.h */ = {isa = PBXFileReference; fileEncoding = 4; lastKnownFileType = sourcecode.c.h; path = ThreeHourForecastView.h; sourceTree = "<group>"; };
		8A56335B1D7950EA00206C8A /* ThreeHourForecastView.m */ = {isa = PBXFileReference; fileEncoding = 4; lastKnownFileType = sourcecode.c.objc; path = ThreeHourForecastView.m; sourceTree = "<group>"; };
		8A7AB77D1D7CEE8A00B5A640 /* DetailViewController.h */ = {isa = PBXFileReference; fileEncoding = 4; lastKnownFileType = sourcecode.c.h; path = DetailViewController.h; sourceTree = "<group>"; };
		8A7AB77E1D7CEE8A00B5A640 /* DetailViewController.m */ = {isa = PBXFileReference; fileEncoding = 4; lastKnownFileType = sourcecode.c.objc; path = DetailViewController.m; sourceTree = "<group>"; };
		8A7AB7821D7CFC6C00B5A640 /* FavoritePlaces.h */ = {isa = PBXFileReference; fileEncoding = 4; lastKnownFileType = sourcecode.c.h; path = FavoritePlaces.h; sourceTree = "<group>"; };
		8A7AB7831D7CFC6C00B5A640 /* FavoritePlaces.m */ = {isa = PBXFileReference; fileEncoding = 4; lastKnownFileType = sourcecode.c.objc; path = FavoritePlaces.m; sourceTree = "<group>"; };
		8A83DAEC1D8B948300C5CC08 /* HistoryViewController.h */ = {isa = PBXFileReference; fileEncoding = 4; lastKnownFileType = sourcecode.c.h; path = HistoryViewController.h; sourceTree = "<group>"; };
		8A83DAED1D8B948300C5CC08 /* HistoryViewController.m */ = {isa = PBXFileReference; fileEncoding = 4; lastKnownFileType = sourcecode.c.objc; path = HistoryViewController.m; sourceTree = "<group>"; };
		8A83DAEF1D8B996800C5CC08 /* OtherTabViewController.h */ = {isa = PBXFileReference; fileEncoding = 4; lastKnownFileType = sourcecode.c.h; path = OtherTabViewController.h; sourceTree = "<group>"; };
		8A83DAF01D8B996800C5CC08 /* OtherTabViewController.m */ = {isa = PBXFileReference; fileEncoding = 4; lastKnownFileType = sourcecode.c.objc; path = OtherTabViewController.m; sourceTree = "<group>"; };
		8A83DAF21D8BA7D900C5CC08 /* History.h */ = {isa = PBXFileReference; fileEncoding = 4; lastKnownFileType = sourcecode.c.h; path = History.h; sourceTree = "<group>"; };
		8A83DAF31D8BA7D900C5CC08 /* History.m */ = {isa = PBXFileReference; fileEncoding = 4; lastKnownFileType = sourcecode.c.objc; path = History.m; sourceTree = "<group>"; };
		8A83DAF51D8BB76300C5CC08 /* WeatherForecastApp 2.xcdatamodel */ = {isa = PBXFileReference; lastKnownFileType = wrapper.xcdatamodel; path = "WeatherForecastApp 2.xcdatamodel"; sourceTree = "<group>"; };
		8A9270C21D7FE98D00CC462E /* CustomAnnotation.h */ = {isa = PBXFileReference; fileEncoding = 4; lastKnownFileType = sourcecode.c.h; path = CustomAnnotation.h; sourceTree = "<group>"; };
		8A9270C31D7FE98D00CC462E /* CustomAnnotation.m */ = {isa = PBXFileReference; fileEncoding = 4; lastKnownFileType = sourcecode.c.objc; path = CustomAnnotation.m; sourceTree = "<group>"; };
		8A9270C51D7FE99700CC462E /* MapViewController.h */ = {isa = PBXFileReference; fileEncoding = 4; lastKnownFileType = sourcecode.c.h; path = MapViewController.h; sourceTree = "<group>"; };
		8A9270C61D7FE99700CC462E /* MapViewController.m */ = {isa = PBXFileReference; fileEncoding = 4; lastKnownFileType = sourcecode.c.objc; path = MapViewController.m; sourceTree = "<group>"; };
		8A9270DB1D7FEA8600CC462E /* MapKit.framework */ = {isa = PBXFileReference; lastKnownFileType = wrapper.framework; name = MapKit.framework; path = System/Library/Frameworks/MapKit.framework; sourceTree = SDKROOT; };
		8A962E7E1D80E4610007913D /* Location.db */ = {isa = PBXFileReference; lastKnownFileType = file; path = Location.db; sourceTree = "<group>"; };
		8AB16D4D1D77A9E700BCF000 /* FavoriteTabViewController.h */ = {isa = PBXFileReference; fileEncoding = 4; lastKnownFileType = sourcecode.c.h; path = FavoriteTabViewController.h; sourceTree = "<group>"; };
		8AB16D4E1D77A9E700BCF000 /* FavoriteTabViewController.m */ = {isa = PBXFileReference; fileEncoding = 4; lastKnownFileType = sourcecode.c.objc; path = FavoriteTabViewController.m; sourceTree = "<group>"; };
		8ADC2AE71D742424000EE9B3 /* WeatherForecastApp.app */ = {isa = PBXFileReference; explicitFileType = wrapper.application; includeInIndex = 0; path = WeatherForecastApp.app; sourceTree = BUILT_PRODUCTS_DIR; };
		8ADC2AEB1D742424000EE9B3 /* main.m */ = {isa = PBXFileReference; lastKnownFileType = sourcecode.c.objc; path = main.m; sourceTree = "<group>"; };
		8ADC2AED1D742424000EE9B3 /* AppDelegate.h */ = {isa = PBXFileReference; lastKnownFileType = sourcecode.c.h; path = AppDelegate.h; sourceTree = "<group>"; };
		8ADC2AEE1D742424000EE9B3 /* AppDelegate.m */ = {isa = PBXFileReference; lastKnownFileType = sourcecode.c.objc; path = AppDelegate.m; sourceTree = "<group>"; };
		8ADC2AF41D742425000EE9B3 /* Base */ = {isa = PBXFileReference; lastKnownFileType = file.storyboard; name = Base; path = Base.lproj/Main.storyboard; sourceTree = "<group>"; };
		8ADC2AF71D742425000EE9B3 /* WeatherForecastApp.xcdatamodel */ = {isa = PBXFileReference; lastKnownFileType = wrapper.xcdatamodel; path = WeatherForecastApp.xcdatamodel; sourceTree = "<group>"; };
		8ADC2AF91D742425000EE9B3 /* Assets.xcassets */ = {isa = PBXFileReference; lastKnownFileType = folder.assetcatalog; path = Assets.xcassets; sourceTree = "<group>"; };
		8ADC2AFC1D742425000EE9B3 /* Base */ = {isa = PBXFileReference; lastKnownFileType = file.storyboard; name = Base; path = Base.lproj/LaunchScreen.storyboard; sourceTree = "<group>"; };
		8ADC2AFE1D742425000EE9B3 /* Info.plist */ = {isa = PBXFileReference; lastKnownFileType = text.plist.xml; path = Info.plist; sourceTree = "<group>"; };
		8ADC2B031D742425000EE9B3 /* WeatherForecastAppTests.xctest */ = {isa = PBXFileReference; explicitFileType = wrapper.cfbundle; includeInIndex = 0; path = WeatherForecastAppTests.xctest; sourceTree = BUILT_PRODUCTS_DIR; };
		8ADC2B071D742425000EE9B3 /* WeatherForecastAppTests.m */ = {isa = PBXFileReference; lastKnownFileType = sourcecode.c.objc; path = WeatherForecastAppTests.m; sourceTree = "<group>"; };
		8ADC2B091D742425000EE9B3 /* Info.plist */ = {isa = PBXFileReference; lastKnownFileType = text.plist.xml; path = Info.plist; sourceTree = "<group>"; };
		8ADC2B0E1D742425000EE9B3 /* WeatherForecastAppUITests.xctest */ = {isa = PBXFileReference; explicitFileType = wrapper.cfbundle; includeInIndex = 0; path = WeatherForecastAppUITests.xctest; sourceTree = BUILT_PRODUCTS_DIR; };
		8ADC2B121D742425000EE9B3 /* WeatherForecastAppUITests.m */ = {isa = PBXFileReference; lastKnownFileType = sourcecode.c.objc; path = WeatherForecastAppUITests.m; sourceTree = "<group>"; };
		8ADC2B141D742425000EE9B3 /* Info.plist */ = {isa = PBXFileReference; lastKnownFileType = text.plist.xml; path = Info.plist; sourceTree = "<group>"; };
		8AFA8C0A1D892C4F00F6F30F /* CustomButton.h */ = {isa = PBXFileReference; fileEncoding = 4; lastKnownFileType = sourcecode.c.h; path = CustomButton.h; sourceTree = "<group>"; };
		8AFA8C0B1D892C4F00F6F30F /* CustomButton.m */ = {isa = PBXFileReference; fileEncoding = 4; lastKnownFileType = sourcecode.c.objc; path = CustomButton.m; sourceTree = "<group>"; };
		8AFB0CAC1D8A28DA00CB5688 /* QuartzCore.framework */ = {isa = PBXFileReference; lastKnownFileType = wrapper.framework; name = QuartzCore.framework; path = System/Library/Frameworks/QuartzCore.framework; sourceTree = SDKROOT; };
		9F0E2731FC5905E566AA2298 /* Pods-WeatherForecastAppTests.release.xcconfig */ = {isa = PBXFileReference; includeInIndex = 1; lastKnownFileType = text.xcconfig; name = "Pods-WeatherForecastAppTests.release.xcconfig"; path = "Pods/Target Support Files/Pods-WeatherForecastAppTests/Pods-WeatherForecastAppTests.release.xcconfig"; sourceTree = "<group>"; };
		C309C5C9B39022CF4DEB5421 /* Pods-WeatherForecastAppTests.debug.xcconfig */ = {isa = PBXFileReference; includeInIndex = 1; lastKnownFileType = text.xcconfig; name = "Pods-WeatherForecastAppTests.debug.xcconfig"; path = "Pods/Target Support Files/Pods-WeatherForecastAppTests/Pods-WeatherForecastAppTests.debug.xcconfig"; sourceTree = "<group>"; };
		D414901C46E2F4D178EEC342 /* libPods-WeatherForecastApp.a */ = {isa = PBXFileReference; explicitFileType = archive.ar; includeInIndex = 0; path = "libPods-WeatherForecastApp.a"; sourceTree = BUILT_PRODUCTS_DIR; };
		E98BE1C7AB1DE121E8F46F2B /* Pods-WeatherForecastAppUITests.release.xcconfig */ = {isa = PBXFileReference; includeInIndex = 1; lastKnownFileType = text.xcconfig; name = "Pods-WeatherForecastAppUITests.release.xcconfig"; path = "Pods/Target Support Files/Pods-WeatherForecastAppUITests/Pods-WeatherForecastAppUITests.release.xcconfig"; sourceTree = "<group>"; };
		FFC7655E5A434C189373FF7D /* Pods-WeatherForecastApp.release.xcconfig */ = {isa = PBXFileReference; includeInIndex = 1; lastKnownFileType = text.xcconfig; name = "Pods-WeatherForecastApp.release.xcconfig"; path = "Pods/Target Support Files/Pods-WeatherForecastApp/Pods-WeatherForecastApp.release.xcconfig"; sourceTree = "<group>"; };
/* End PBXFileReference section */

/* Begin PBXFrameworksBuildPhase section */
		8ADC2AE41D742424000EE9B3 /* Frameworks */ = {
			isa = PBXFrameworksBuildPhase;
			buildActionMask = 2147483647;
			files = (
				8AFB0CAD1D8A28DA00CB5688 /* QuartzCore.framework in Frameworks */,
				8A9270DC1D7FEA8600CC462E /* MapKit.framework in Frameworks */,
				8BC0A0C167FB10BE00E68275 /* libPods-WeatherForecastApp.a in Frameworks */,
			);
			runOnlyForDeploymentPostprocessing = 0;
		};
		8ADC2B001D742425000EE9B3 /* Frameworks */ = {
			isa = PBXFrameworksBuildPhase;
			buildActionMask = 2147483647;
			files = (
				C49643F0736E172A1D960504 /* libPods-WeatherForecastAppTests.a in Frameworks */,
			);
			runOnlyForDeploymentPostprocessing = 0;
		};
		8ADC2B0B1D742425000EE9B3 /* Frameworks */ = {
			isa = PBXFrameworksBuildPhase;
			buildActionMask = 2147483647;
			files = (
				7F5421CED4E85844C3D217C7 /* libPods-WeatherForecastAppUITests.a in Frameworks */,
			);
			runOnlyForDeploymentPostprocessing = 0;
		};
/* End PBXFrameworksBuildPhase section */

/* Begin PBXGroup section */
		6A8EEF2D1D981DAF0036CDDA /* Notification */ = {
			isa = PBXGroup;
			children = (
				6A8EEF2E1D981DE30036CDDA /* NotificationViewController.h */,
				6A8EEF2F1D981DE30036CDDA /* NotificationViewController.m */,
				6A8EEF4B1D9828360036CDDA /* SwitchTableViewCell.h */,
				6A8EEF4C1D9828360036CDDA /* SwitchTableViewCell.m */,
				6A8EEF4D1D9828360036CDDA /* SwitchTableViewCell.xib */,
				6A8EEF501D9828560036CDDA /* PlaceNameTableViewCell.h */,
				6A8EEF511D9828560036CDDA /* PlaceNameTableViewCell.m */,
				6A8EEF521D9828560036CDDA /* PlaceNameTableViewCell.xib */,
				6A8EEF551D9828790036CDDA /* TimeTableViewCell.h */,
				6A8EEF561D9828790036CDDA /* TimeTableViewCell.m */,
				6A8EEF571D9828790036CDDA /* TimeTableViewCell.xib */,
				6A8EEF481D9824B30036CDDA /* DatePickerViewController.h */,
				6A8EEF491D9824B30036CDDA /* DatePickerViewController.m */,
				6A8EEF311D9822850036CDDA /* PlaceNameViewController.h */,
				6A8EEF321D9822850036CDDA /* PlaceNameViewController.m */,
			);
			name = Notification;
			sourceTree = "<group>";
		};
		8A3E2B381D82552200D72A2F /* DetailView */ = {
			isa = PBXGroup;
			children = (
				8A7AB77D1D7CEE8A00B5A640 /* DetailViewController.h */,
				8A7AB77E1D7CEE8A00B5A640 /* DetailViewController.m */,
				8A3E2B351D823FA100D72A2F /* CurrentWeatherData.h */,
				8A3E2B361D823FA100D72A2F /* CurrentWeatherData.m */,
				8A2587251D7E7E3600530776 /* DailyForecastView.xib */,
				8A2587271D7E7E5A00530776 /* DailyForecastView.h */,
				8A2587281D7E7E5A00530776 /* DailyForecastView.m */,
			);
			name = DetailView;
			sourceTree = "<group>";
		};
		8A3E2B391D82554900D72A2F /* FavoriteView */ = {
			isa = PBXGroup;
			children = (
				8AB16D4D1D77A9E700BCF000 /* FavoriteTabViewController.h */,
				8AB16D4E1D77A9E700BCF000 /* FavoriteTabViewController.m */,
				8A5633551D7949D500206C8A /* ThreeHourForecastView.xib */,
				8A56335A1D7950EA00206C8A /* ThreeHourForecastView.h */,
				8A56335B1D7950EA00206C8A /* ThreeHourForecastView.m */,
			);
			name = FavoriteView;
			sourceTree = "<group>";
		};
		8A3E2B3A1D82555D00D72A2F /* MapView */ = {
			isa = PBXGroup;
			children = (
				8A9270C51D7FE99700CC462E /* MapViewController.h */,
				8A9270C61D7FE99700CC462E /* MapViewController.m */,
				8A9270C21D7FE98D00CC462E /* CustomAnnotation.h */,
				8A9270C31D7FE98D00CC462E /* CustomAnnotation.m */,
				8AFA8C0A1D892C4F00F6F30F /* CustomButton.h */,
				8AFA8C0B1D892C4F00F6F30F /* CustomButton.m */,
			);
			name = MapView;
			sourceTree = "<group>";
		};
		8A3E2B3B1D8255C300D72A2F /* CoreData */ = {
			isa = PBXGroup;
			children = (
				8A7AB7821D7CFC6C00B5A640 /* FavoritePlaces.h */,
				8A7AB7831D7CFC6C00B5A640 /* FavoritePlaces.m */,
				8A83DAF21D8BA7D900C5CC08 /* History.h */,
				8A83DAF31D8BA7D900C5CC08 /* History.m */,
				8ADC2AF61D742425000EE9B3 /* WeatherForecastApp.xcdatamodeld */,
			);
			name = CoreData;
			sourceTree = "<group>";
		};
		8A83DAF61D8BCB3500C5CC08 /* OtherView */ = {
			isa = PBXGroup;
			children = (
				6A8EEF2D1D981DAF0036CDDA /* Notification */,
				8A83DAEC1D8B948300C5CC08 /* HistoryViewController.h */,
				8A83DAED1D8B948300C5CC08 /* HistoryViewController.m */,
				8A83DAEF1D8B996800C5CC08 /* OtherTabViewController.h */,
				8A83DAF01D8B996800C5CC08 /* OtherTabViewController.m */,
			);
			name = OtherView;
			sourceTree = "<group>";
		};
		8ADC2ADE1D742424000EE9B3 = {
			isa = PBXGroup;
			children = (
				8AFB0CAC1D8A28DA00CB5688 /* QuartzCore.framework */,
				8A9270DB1D7FEA8600CC462E /* MapKit.framework */,
				8ADC2AE91D742424000EE9B3 /* WeatherForecastApp */,
				8ADC2B061D742425000EE9B3 /* WeatherForecastAppTests */,
				8ADC2B111D742425000EE9B3 /* WeatherForecastAppUITests */,
				8ADC2AE81D742424000EE9B3 /* Products */,
				FD003B14297B1FFFCD80298F /* Pods */,
				ED610FF1055F756C7C1C8369 /* Frameworks */,
			);
			sourceTree = "<group>";
		};
		8ADC2AE81D742424000EE9B3 /* Products */ = {
			isa = PBXGroup;
			children = (
				8ADC2AE71D742424000EE9B3 /* WeatherForecastApp.app */,
				8ADC2B031D742425000EE9B3 /* WeatherForecastAppTests.xctest */,
				8ADC2B0E1D742425000EE9B3 /* WeatherForecastAppUITests.xctest */,
			);
			name = Products;
			sourceTree = "<group>";
		};
		8ADC2AE91D742424000EE9B3 /* WeatherForecastApp */ = {
			isa = PBXGroup;
			children = (
				8ADC2AED1D742424000EE9B3 /* AppDelegate.h */,
				8ADC2AEE1D742424000EE9B3 /* AppDelegate.m */,
				8A962E7E1D80E4610007913D /* Location.db */,
				8ADC2AF31D742425000EE9B3 /* Main.storyboard */,
				8ADC2AFB1D742425000EE9B3 /* LaunchScreen.storyboard */,
				8ADC2AFE1D742425000EE9B3 /* Info.plist */,
				8A3E2B3C1D82694E00D72A2F /* APICommunication.h */,
				8A3E2B3D1D82694E00D72A2F /* APICommunication.m */,
				8A83DAF61D8BCB3500C5CC08 /* OtherView */,
				8A3E2B3A1D82555D00D72A2F /* MapView */,
				8A3E2B391D82554900D72A2F /* FavoriteView */,
				8A3E2B381D82552200D72A2F /* DetailView */,
				8A3E2B3B1D8255C300D72A2F /* CoreData */,
				8ADC2AF91D742425000EE9B3 /* Assets.xcassets */,
				8ADC2AEA1D742424000EE9B3 /* Supporting Files */,
			);
			path = WeatherForecastApp;
			sourceTree = "<group>";
		};
		8ADC2AEA1D742424000EE9B3 /* Supporting Files */ = {
			isa = PBXGroup;
			children = (
				8ADC2AEB1D742424000EE9B3 /* main.m */,
			);
			name = "Supporting Files";
			sourceTree = "<group>";
		};
		8ADC2B061D742425000EE9B3 /* WeatherForecastAppTests */ = {
			isa = PBXGroup;
			children = (
				8ADC2B071D742425000EE9B3 /* WeatherForecastAppTests.m */,
				8ADC2B091D742425000EE9B3 /* Info.plist */,
			);
			path = WeatherForecastAppTests;
			sourceTree = "<group>";
		};
		8ADC2B111D742425000EE9B3 /* WeatherForecastAppUITests */ = {
			isa = PBXGroup;
			children = (
				8ADC2B121D742425000EE9B3 /* WeatherForecastAppUITests.m */,
				8ADC2B141D742425000EE9B3 /* Info.plist */,
			);
			path = WeatherForecastAppUITests;
			sourceTree = "<group>";
		};
		ED610FF1055F756C7C1C8369 /* Frameworks */ = {
			isa = PBXGroup;
			children = (
				D414901C46E2F4D178EEC342 /* libPods-WeatherForecastApp.a */,
				6BF08F1792209379C92DDF7A /* libPods-WeatherForecastAppTests.a */,
				00EF0D5081BBE65F9CB7263B /* libPods-WeatherForecastAppUITests.a */,
			);
			name = Frameworks;
			sourceTree = "<group>";
		};
		FD003B14297B1FFFCD80298F /* Pods */ = {
			isa = PBXGroup;
			children = (
				45EFAF583178B5832B1CBF76 /* Pods-WeatherForecastApp.debug.xcconfig */,
				FFC7655E5A434C189373FF7D /* Pods-WeatherForecastApp.release.xcconfig */,
				C309C5C9B39022CF4DEB5421 /* Pods-WeatherForecastAppTests.debug.xcconfig */,
				9F0E2731FC5905E566AA2298 /* Pods-WeatherForecastAppTests.release.xcconfig */,
				3F2FCA2597D5343C2E284187 /* Pods-WeatherForecastAppUITests.debug.xcconfig */,
				E98BE1C7AB1DE121E8F46F2B /* Pods-WeatherForecastAppUITests.release.xcconfig */,
			);
			name = Pods;
			sourceTree = "<group>";
		};
/* End PBXGroup section */

/* Begin PBXNativeTarget section */
		8ADC2AE61D742424000EE9B3 /* WeatherForecastApp */ = {
			isa = PBXNativeTarget;
			buildConfigurationList = 8ADC2B171D742425000EE9B3 /* Build configuration list for PBXNativeTarget "WeatherForecastApp" */;
			buildPhases = (
				C0341B43A1995BE127BCB3B5 /* [CP] Check Pods Manifest.lock */,
				8ADC2AE31D742424000EE9B3 /* Sources */,
				8ADC2AE41D742424000EE9B3 /* Frameworks */,
				8ADC2AE51D742424000EE9B3 /* Resources */,
				D3E53B207B73525D1E8453E5 /* [CP] Embed Pods Frameworks */,
				F7FBE9009A02FB5F2A036896 /* [CP] Copy Pods Resources */,
			);
			buildRules = (
			);
			dependencies = (
			);
			name = WeatherForecastApp;
			productName = WeatherForecastApp;
			productReference = 8ADC2AE71D742424000EE9B3 /* WeatherForecastApp.app */;
			productType = "com.apple.product-type.application";
		};
		8ADC2B021D742425000EE9B3 /* WeatherForecastAppTests */ = {
			isa = PBXNativeTarget;
			buildConfigurationList = 8ADC2B1A1D742425000EE9B3 /* Build configuration list for PBXNativeTarget "WeatherForecastAppTests" */;
			buildPhases = (
				C932567BE71C5665695F1954 /* [CP] Check Pods Manifest.lock */,
				8ADC2AFF1D742425000EE9B3 /* Sources */,
				8ADC2B001D742425000EE9B3 /* Frameworks */,
				8ADC2B011D742425000EE9B3 /* Resources */,
				F6185BB15531A956033F124A /* [CP] Embed Pods Frameworks */,
				91F3352C2CA9B7772622420B /* [CP] Copy Pods Resources */,
			);
			buildRules = (
			);
			dependencies = (
				8ADC2B051D742425000EE9B3 /* PBXTargetDependency */,
			);
			name = WeatherForecastAppTests;
			productName = WeatherForecastAppTests;
			productReference = 8ADC2B031D742425000EE9B3 /* WeatherForecastAppTests.xctest */;
			productType = "com.apple.product-type.bundle.unit-test";
		};
		8ADC2B0D1D742425000EE9B3 /* WeatherForecastAppUITests */ = {
			isa = PBXNativeTarget;
			buildConfigurationList = 8ADC2B1D1D742425000EE9B3 /* Build configuration list for PBXNativeTarget "WeatherForecastAppUITests" */;
			buildPhases = (
				F419445BD7562BBDE15DF6A8 /* [CP] Check Pods Manifest.lock */,
				8ADC2B0A1D742425000EE9B3 /* Sources */,
				8ADC2B0B1D742425000EE9B3 /* Frameworks */,
				8ADC2B0C1D742425000EE9B3 /* Resources */,
				41C16E6D26D52D5F56D99558 /* [CP] Copy Pods Resources */,
			);
			buildRules = (
			);
			dependencies = (
				8ADC2B101D742425000EE9B3 /* PBXTargetDependency */,
			);
			name = WeatherForecastAppUITests;
			productName = WeatherForecastAppUITests;
			productReference = 8ADC2B0E1D742425000EE9B3 /* WeatherForecastAppUITests.xctest */;
			productType = "com.apple.product-type.bundle.ui-testing";
		};
/* End PBXNativeTarget section */

/* Begin PBXProject section */
		8ADC2ADF1D742424000EE9B3 /* Project object */ = {
			isa = PBXProject;
			attributes = {
				LastUpgradeCheck = 0730;
				ORGANIZATIONNAME = "PCK-135-089";
				TargetAttributes = {
					8ADC2AE61D742424000EE9B3 = {
						CreatedOnToolsVersion = 7.3.1;
					};
					8ADC2B021D742425000EE9B3 = {
						CreatedOnToolsVersion = 7.3.1;
						TestTargetID = 8ADC2AE61D742424000EE9B3;
					};
					8ADC2B0D1D742425000EE9B3 = {
						CreatedOnToolsVersion = 7.3.1;
						TestTargetID = 8ADC2AE61D742424000EE9B3;
					};
				};
			};
			buildConfigurationList = 8ADC2AE21D742424000EE9B3 /* Build configuration list for PBXProject "WeatherForecastApp" */;
			compatibilityVersion = "Xcode 3.2";
			developmentRegion = English;
			hasScannedForEncodings = 0;
			knownRegions = (
				en,
				Base,
			);
			mainGroup = 8ADC2ADE1D742424000EE9B3;
			productRefGroup = 8ADC2AE81D742424000EE9B3 /* Products */;
			projectDirPath = "";
			projectRoot = "";
			targets = (
				8ADC2AE61D742424000EE9B3 /* WeatherForecastApp */,
				8ADC2B021D742425000EE9B3 /* WeatherForecastAppTests */,
				8ADC2B0D1D742425000EE9B3 /* WeatherForecastAppUITests */,
			);
		};
/* End PBXProject section */

/* Begin PBXResourcesBuildPhase section */
		8ADC2AE51D742424000EE9B3 /* Resources */ = {
			isa = PBXResourcesBuildPhase;
			buildActionMask = 2147483647;
			files = (
				8A5633561D7949D500206C8A /* ThreeHourForecastView.xib in Resources */,
				8ADC2AFD1D742425000EE9B3 /* LaunchScreen.storyboard in Resources */,
				8ADC2AFA1D742425000EE9B3 /* Assets.xcassets in Resources */,
				8A962E7F1D80E4610007913D /* Location.db in Resources */,
				6A8EEF541D9828560036CDDA /* PlaceNameTableViewCell.xib in Resources */,
				8ADC2AF51D742425000EE9B3 /* Main.storyboard in Resources */,
				6A8EEF4F1D9828360036CDDA /* SwitchTableViewCell.xib in Resources */,
				6A8EEF591D9828790036CDDA /* TimeTableViewCell.xib in Resources */,
				8A2587261D7E7E3600530776 /* DailyForecastView.xib in Resources */,
			);
			runOnlyForDeploymentPostprocessing = 0;
		};
		8ADC2B011D742425000EE9B3 /* Resources */ = {
			isa = PBXResourcesBuildPhase;
			buildActionMask = 2147483647;
			files = (
			);
			runOnlyForDeploymentPostprocessing = 0;
		};
		8ADC2B0C1D742425000EE9B3 /* Resources */ = {
			isa = PBXResourcesBuildPhase;
			buildActionMask = 2147483647;
			files = (
			);
			runOnlyForDeploymentPostprocessing = 0;
		};
/* End PBXResourcesBuildPhase section */

/* Begin PBXShellScriptBuildPhase section */
		41C16E6D26D52D5F56D99558 /* [CP] Copy Pods Resources */ = {
			isa = PBXShellScriptBuildPhase;
			buildActionMask = 2147483647;
			files = (
			);
			inputPaths = (
			);
			name = "[CP] Copy Pods Resources";
			outputPaths = (
			);
			runOnlyForDeploymentPostprocessing = 0;
			shellPath = /bin/sh;
			shellScript = "\"${SRCROOT}/Pods/Target Support Files/Pods-WeatherForecastAppUITests/Pods-WeatherForecastAppUITests-resources.sh\"\n";
			showEnvVarsInLog = 0;
		};
		91F3352C2CA9B7772622420B /* [CP] Copy Pods Resources */ = {
			isa = PBXShellScriptBuildPhase;
			buildActionMask = 2147483647;
			files = (
			);
			inputPaths = (
			);
			name = "[CP] Copy Pods Resources";
			outputPaths = (
			);
			runOnlyForDeploymentPostprocessing = 0;
			shellPath = /bin/sh;
			shellScript = "\"${SRCROOT}/Pods/Target Support Files/Pods-WeatherForecastAppTests/Pods-WeatherForecastAppTests-resources.sh\"\n";
			showEnvVarsInLog = 0;
		};
		C0341B43A1995BE127BCB3B5 /* [CP] Check Pods Manifest.lock */ = {
			isa = PBXShellScriptBuildPhase;
			buildActionMask = 2147483647;
			files = (
			);
			inputPaths = (
			);
			name = "[CP] Check Pods Manifest.lock";
			outputPaths = (
			);
			runOnlyForDeploymentPostprocessing = 0;
			shellPath = /bin/sh;
			shellScript = "diff \"${PODS_ROOT}/../Podfile.lock\" \"${PODS_ROOT}/Manifest.lock\" > /dev/null\nif [[ $? != 0 ]] ; then\n    cat << EOM\nerror: The sandbox is not in sync with the Podfile.lock. Run 'pod install' or update your CocoaPods installation.\nEOM\n    exit 1\nfi\n";
			showEnvVarsInLog = 0;
		};
		C932567BE71C5665695F1954 /* [CP] Check Pods Manifest.lock */ = {
			isa = PBXShellScriptBuildPhase;
			buildActionMask = 2147483647;
			files = (
			);
			inputPaths = (
			);
			name = "[CP] Check Pods Manifest.lock";
			outputPaths = (
			);
			runOnlyForDeploymentPostprocessing = 0;
			shellPath = /bin/sh;
			shellScript = "diff \"${PODS_ROOT}/../Podfile.lock\" \"${PODS_ROOT}/Manifest.lock\" > /dev/null\nif [[ $? != 0 ]] ; then\n    cat << EOM\nerror: The sandbox is not in sync with the Podfile.lock. Run 'pod install' or update your CocoaPods installation.\nEOM\n    exit 1\nfi\n";
			showEnvVarsInLog = 0;
		};
		D3E53B207B73525D1E8453E5 /* [CP] Embed Pods Frameworks */ = {
			isa = PBXShellScriptBuildPhase;
			buildActionMask = 2147483647;
			files = (
			);
			inputPaths = (
			);
			name = "[CP] Embed Pods Frameworks";
			outputPaths = (
			);
			runOnlyForDeploymentPostprocessing = 0;
			shellPath = /bin/sh;
			shellScript = "\"${SRCROOT}/Pods/Target Support Files/Pods-WeatherForecastApp/Pods-WeatherForecastApp-frameworks.sh\"\n";
			showEnvVarsInLog = 0;
		};
		F419445BD7562BBDE15DF6A8 /* [CP] Check Pods Manifest.lock */ = {
			isa = PBXShellScriptBuildPhase;
			buildActionMask = 2147483647;
			files = (
			);
			inputPaths = (
			);
			name = "[CP] Check Pods Manifest.lock";
			outputPaths = (
			);
			runOnlyForDeploymentPostprocessing = 0;
			shellPath = /bin/sh;
			shellScript = "diff \"${PODS_ROOT}/../Podfile.lock\" \"${PODS_ROOT}/Manifest.lock\" > /dev/null\nif [[ $? != 0 ]] ; then\n    cat << EOM\nerror: The sandbox is not in sync with the Podfile.lock. Run 'pod install' or update your CocoaPods installation.\nEOM\n    exit 1\nfi\n";
			showEnvVarsInLog = 0;
		};
		F6185BB15531A956033F124A /* [CP] Embed Pods Frameworks */ = {
			isa = PBXShellScriptBuildPhase;
			buildActionMask = 2147483647;
			files = (
			);
			inputPaths = (
			);
			name = "[CP] Embed Pods Frameworks";
			outputPaths = (
			);
			runOnlyForDeploymentPostprocessing = 0;
			shellPath = /bin/sh;
			shellScript = "\"${SRCROOT}/Pods/Target Support Files/Pods-WeatherForecastAppTests/Pods-WeatherForecastAppTests-frameworks.sh\"\n";
			showEnvVarsInLog = 0;
		};
		F7FBE9009A02FB5F2A036896 /* [CP] Copy Pods Resources */ = {
			isa = PBXShellScriptBuildPhase;
			buildActionMask = 2147483647;
			files = (
			);
			inputPaths = (
			);
			name = "[CP] Copy Pods Resources";
			outputPaths = (
			);
			runOnlyForDeploymentPostprocessing = 0;
			shellPath = /bin/sh;
			shellScript = "\"${SRCROOT}/Pods/Target Support Files/Pods-WeatherForecastApp/Pods-WeatherForecastApp-resources.sh\"\n";
			showEnvVarsInLog = 0;
		};
/* End PBXShellScriptBuildPhase section */

/* Begin PBXSourcesBuildPhase section */
		8ADC2AE31D742424000EE9B3 /* Sources */ = {
			isa = PBXSourcesBuildPhase;
			buildActionMask = 2147483647;
			files = (
				6A8EEF4A1D9824B30036CDDA /* DatePickerViewController.m in Sources */,
				8A56335C1D7950EA00206C8A /* ThreeHourForecastView.m in Sources */,
				8A9270C71D7FE99700CC462E /* MapViewController.m in Sources */,
				6A8EEF301D981DE30036CDDA /* NotificationViewController.m in Sources */,
				8ADC2AEF1D742424000EE9B3 /* AppDelegate.m in Sources */,
				8ADC2AEC1D742424000EE9B3 /* main.m in Sources */,
				6A8EEF331D9822850036CDDA /* PlaceNameViewController.m in Sources */,
				8A3E2B371D823FA100D72A2F /* CurrentWeatherData.m in Sources */,
				8A83DAF11D8B996800C5CC08 /* OtherTabViewController.m in Sources */,
				6A8EEF531D9828560036CDDA /* PlaceNameTableViewCell.m in Sources */,
				8A83DAF41D8BA7D900C5CC08 /* History.m in Sources */,
				8A83DAEE1D8B948300C5CC08 /* HistoryViewController.m in Sources */,
				8A9270C41D7FE98D00CC462E /* CustomAnnotation.m in Sources */,
				8A2587291D7E7E5A00530776 /* DailyForecastView.m in Sources */,
				6A8EEF4E1D9828360036CDDA /* SwitchTableViewCell.m in Sources */,
				8AB16D4F1D77A9E700BCF000 /* FavoriteTabViewController.m in Sources */,
				8AFA8C0C1D892C4F00F6F30F /* CustomButton.m in Sources */,
				8ADC2AF81D742425000EE9B3 /* WeatherForecastApp.xcdatamodeld in Sources */,
				8A3E2B3E1D82694E00D72A2F /* APICommunication.m in Sources */,
				8A7AB77F1D7CEE8A00B5A640 /* DetailViewController.m in Sources */,
				6A8EEF581D9828790036CDDA /* TimeTableViewCell.m in Sources */,
				8A7AB7851D7CFC6C00B5A640 /* FavoritePlaces.m in Sources */,
			);
			runOnlyForDeploymentPostprocessing = 0;
		};
		8ADC2AFF1D742425000EE9B3 /* Sources */ = {
			isa = PBXSourcesBuildPhase;
			buildActionMask = 2147483647;
			files = (
				8ADC2B081D742425000EE9B3 /* WeatherForecastAppTests.m in Sources */,
			);
			runOnlyForDeploymentPostprocessing = 0;
		};
		8ADC2B0A1D742425000EE9B3 /* Sources */ = {
			isa = PBXSourcesBuildPhase;
			buildActionMask = 2147483647;
			files = (
				8ADC2B131D742425000EE9B3 /* WeatherForecastAppUITests.m in Sources */,
			);
			runOnlyForDeploymentPostprocessing = 0;
		};
/* End PBXSourcesBuildPhase section */

/* Begin PBXTargetDependency section */
		8ADC2B051D742425000EE9B3 /* PBXTargetDependency */ = {
			isa = PBXTargetDependency;
			target = 8ADC2AE61D742424000EE9B3 /* WeatherForecastApp */;
			targetProxy = 8ADC2B041D742425000EE9B3 /* PBXContainerItemProxy */;
		};
		8ADC2B101D742425000EE9B3 /* PBXTargetDependency */ = {
			isa = PBXTargetDependency;
			target = 8ADC2AE61D742424000EE9B3 /* WeatherForecastApp */;
			targetProxy = 8ADC2B0F1D742425000EE9B3 /* PBXContainerItemProxy */;
		};
/* End PBXTargetDependency section */

/* Begin PBXVariantGroup section */
		8ADC2AF31D742425000EE9B3 /* Main.storyboard */ = {
			isa = PBXVariantGroup;
			children = (
				8ADC2AF41D742425000EE9B3 /* Base */,
			);
			name = Main.storyboard;
			sourceTree = "<group>";
		};
		8ADC2AFB1D742425000EE9B3 /* LaunchScreen.storyboard */ = {
			isa = PBXVariantGroup;
			children = (
				8ADC2AFC1D742425000EE9B3 /* Base */,
			);
			name = LaunchScreen.storyboard;
			sourceTree = "<group>";
		};
/* End PBXVariantGroup section */

/* Begin XCBuildConfiguration section */
		8ADC2B151D742425000EE9B3 /* Debug */ = {
			isa = XCBuildConfiguration;
			buildSettings = {
				ALWAYS_SEARCH_USER_PATHS = NO;
				CLANG_ANALYZER_NONNULL = YES;
				CLANG_CXX_LANGUAGE_STANDARD = "gnu++0x";
				CLANG_CXX_LIBRARY = "libc++";
				CLANG_ENABLE_MODULES = YES;
				CLANG_ENABLE_OBJC_ARC = YES;
				CLANG_WARN_BOOL_CONVERSION = YES;
				CLANG_WARN_CONSTANT_CONVERSION = YES;
				CLANG_WARN_DIRECT_OBJC_ISA_USAGE = YES_ERROR;
				CLANG_WARN_EMPTY_BODY = YES;
				CLANG_WARN_ENUM_CONVERSION = YES;
				CLANG_WARN_INT_CONVERSION = YES;
				CLANG_WARN_OBJC_ROOT_CLASS = YES_ERROR;
				CLANG_WARN_UNREACHABLE_CODE = YES;
				CLANG_WARN__DUPLICATE_METHOD_MATCH = YES;
				"CODE_SIGN_IDENTITY[sdk=iphoneos*]" = "iPhone Developer";
				COPY_PHASE_STRIP = NO;
				DEBUG_INFORMATION_FORMAT = dwarf;
				ENABLE_STRICT_OBJC_MSGSEND = YES;
				ENABLE_TESTABILITY = YES;
				GCC_C_LANGUAGE_STANDARD = gnu99;
				GCC_DYNAMIC_NO_PIC = NO;
				GCC_NO_COMMON_BLOCKS = YES;
				GCC_OPTIMIZATION_LEVEL = 0;
				GCC_PREPROCESSOR_DEFINITIONS = (
					"DEBUG=1",
					"$(inherited)",
				);
				GCC_WARN_64_TO_32_BIT_CONVERSION = YES;
				GCC_WARN_ABOUT_RETURN_TYPE = YES_ERROR;
				GCC_WARN_UNDECLARED_SELECTOR = YES;
				GCC_WARN_UNINITIALIZED_AUTOS = YES_AGGRESSIVE;
				GCC_WARN_UNUSED_FUNCTION = YES;
				GCC_WARN_UNUSED_VARIABLE = YES;
				IPHONEOS_DEPLOYMENT_TARGET = 9.3;
				MTL_ENABLE_DEBUG_INFO = YES;
				ONLY_ACTIVE_ARCH = YES;
				SDKROOT = iphoneos;
				TARGETED_DEVICE_FAMILY = "1,2";
			};
			name = Debug;
		};
		8ADC2B161D742425000EE9B3 /* Release */ = {
			isa = XCBuildConfiguration;
			buildSettings = {
				ALWAYS_SEARCH_USER_PATHS = NO;
				CLANG_ANALYZER_NONNULL = YES;
				CLANG_CXX_LANGUAGE_STANDARD = "gnu++0x";
				CLANG_CXX_LIBRARY = "libc++";
				CLANG_ENABLE_MODULES = YES;
				CLANG_ENABLE_OBJC_ARC = YES;
				CLANG_WARN_BOOL_CONVERSION = YES;
				CLANG_WARN_CONSTANT_CONVERSION = YES;
				CLANG_WARN_DIRECT_OBJC_ISA_USAGE = YES_ERROR;
				CLANG_WARN_EMPTY_BODY = YES;
				CLANG_WARN_ENUM_CONVERSION = YES;
				CLANG_WARN_INT_CONVERSION = YES;
				CLANG_WARN_OBJC_ROOT_CLASS = YES_ERROR;
				CLANG_WARN_UNREACHABLE_CODE = YES;
				CLANG_WARN__DUPLICATE_METHOD_MATCH = YES;
				"CODE_SIGN_IDENTITY[sdk=iphoneos*]" = "iPhone Developer";
				COPY_PHASE_STRIP = NO;
				DEBUG_INFORMATION_FORMAT = "dwarf-with-dsym";
				ENABLE_NS_ASSERTIONS = NO;
				ENABLE_STRICT_OBJC_MSGSEND = YES;
				GCC_C_LANGUAGE_STANDARD = gnu99;
				GCC_NO_COMMON_BLOCKS = YES;
				GCC_WARN_64_TO_32_BIT_CONVERSION = YES;
				GCC_WARN_ABOUT_RETURN_TYPE = YES_ERROR;
				GCC_WARN_UNDECLARED_SELECTOR = YES;
				GCC_WARN_UNINITIALIZED_AUTOS = YES_AGGRESSIVE;
				GCC_WARN_UNUSED_FUNCTION = YES;
				GCC_WARN_UNUSED_VARIABLE = YES;
				IPHONEOS_DEPLOYMENT_TARGET = 9.3;
				MTL_ENABLE_DEBUG_INFO = NO;
				SDKROOT = iphoneos;
				TARGETED_DEVICE_FAMILY = "1,2";
				VALIDATE_PRODUCT = YES;
			};
			name = Release;
		};
		8ADC2B181D742425000EE9B3 /* Debug */ = {
			isa = XCBuildConfiguration;
			baseConfigurationReference = 45EFAF583178B5832B1CBF76 /* Pods-WeatherForecastApp.debug.xcconfig */;
			buildSettings = {
				ASSETCATALOG_COMPILER_APPICON_NAME = AppIcon;
				INFOPLIST_FILE = WeatherForecastApp/Info.plist;
				LD_RUNPATH_SEARCH_PATHS = "$(inherited) @executable_path/Frameworks";
				PRODUCT_BUNDLE_IDENTIFIER = com.sample.WeatherForecastApp;
				PRODUCT_NAME = "$(TARGET_NAME)";
			};
			name = Debug;
		};
		8ADC2B191D742425000EE9B3 /* Release */ = {
			isa = XCBuildConfiguration;
			baseConfigurationReference = FFC7655E5A434C189373FF7D /* Pods-WeatherForecastApp.release.xcconfig */;
			buildSettings = {
				ASSETCATALOG_COMPILER_APPICON_NAME = AppIcon;
				INFOPLIST_FILE = WeatherForecastApp/Info.plist;
				LD_RUNPATH_SEARCH_PATHS = "$(inherited) @executable_path/Frameworks";
				PRODUCT_BUNDLE_IDENTIFIER = com.sample.WeatherForecastApp;
				PRODUCT_NAME = "$(TARGET_NAME)";
			};
			name = Release;
		};
		8ADC2B1B1D742425000EE9B3 /* Debug */ = {
			isa = XCBuildConfiguration;
			baseConfigurationReference = C309C5C9B39022CF4DEB5421 /* Pods-WeatherForecastAppTests.debug.xcconfig */;
			buildSettings = {
				BUNDLE_LOADER = "$(TEST_HOST)";
				INFOPLIST_FILE = WeatherForecastAppTests/Info.plist;
				LD_RUNPATH_SEARCH_PATHS = "$(inherited) @executable_path/Frameworks @loader_path/Frameworks";
				PRODUCT_BUNDLE_IDENTIFIER = com.sample.WeatherForecastAppTests;
				PRODUCT_NAME = "$(TARGET_NAME)";
				TEST_HOST = "$(BUILT_PRODUCTS_DIR)/WeatherForecastApp.app/WeatherForecastApp";
			};
			name = Debug;
		};
		8ADC2B1C1D742425000EE9B3 /* Release */ = {
			isa = XCBuildConfiguration;
			baseConfigurationReference = 9F0E2731FC5905E566AA2298 /* Pods-WeatherForecastAppTests.release.xcconfig */;
			buildSettings = {
				BUNDLE_LOADER = "$(TEST_HOST)";
				INFOPLIST_FILE = WeatherForecastAppTests/Info.plist;
				LD_RUNPATH_SEARCH_PATHS = "$(inherited) @executable_path/Frameworks @loader_path/Frameworks";
				PRODUCT_BUNDLE_IDENTIFIER = com.sample.WeatherForecastAppTests;
				PRODUCT_NAME = "$(TARGET_NAME)";
				TEST_HOST = "$(BUILT_PRODUCTS_DIR)/WeatherForecastApp.app/WeatherForecastApp";
			};
			name = Release;
		};
		8ADC2B1E1D742425000EE9B3 /* Debug */ = {
			isa = XCBuildConfiguration;
			baseConfigurationReference = 3F2FCA2597D5343C2E284187 /* Pods-WeatherForecastAppUITests.debug.xcconfig */;
			buildSettings = {
				INFOPLIST_FILE = WeatherForecastAppUITests/Info.plist;
				LD_RUNPATH_SEARCH_PATHS = "$(inherited) @executable_path/Frameworks @loader_path/Frameworks";
				PRODUCT_BUNDLE_IDENTIFIER = com.sample.WeatherForecastAppUITests;
				PRODUCT_NAME = "$(TARGET_NAME)";
				TEST_TARGET_NAME = WeatherForecastApp;
			};
			name = Debug;
		};
		8ADC2B1F1D742425000EE9B3 /* Release */ = {
			isa = XCBuildConfiguration;
			baseConfigurationReference = E98BE1C7AB1DE121E8F46F2B /* Pods-WeatherForecastAppUITests.release.xcconfig */;
			buildSettings = {
				INFOPLIST_FILE = WeatherForecastAppUITests/Info.plist;
				LD_RUNPATH_SEARCH_PATHS = "$(inherited) @executable_path/Frameworks @loader_path/Frameworks";
				PRODUCT_BUNDLE_IDENTIFIER = com.sample.WeatherForecastAppUITests;
				PRODUCT_NAME = "$(TARGET_NAME)";
				TEST_TARGET_NAME = WeatherForecastApp;
			};
			name = Release;
		};
/* End XCBuildConfiguration section */

/* Begin XCConfigurationList section */
		8ADC2AE21D742424000EE9B3 /* Build configuration list for PBXProject "WeatherForecastApp" */ = {
			isa = XCConfigurationList;
			buildConfigurations = (
				8ADC2B151D742425000EE9B3 /* Debug */,
				8ADC2B161D742425000EE9B3 /* Release */,
			);
			defaultConfigurationIsVisible = 0;
			defaultConfigurationName = Release;
		};
		8ADC2B171D742425000EE9B3 /* Build configuration list for PBXNativeTarget "WeatherForecastApp" */ = {
			isa = XCConfigurationList;
			buildConfigurations = (
				8ADC2B181D742425000EE9B3 /* Debug */,
				8ADC2B191D742425000EE9B3 /* Release */,
			);
			defaultConfigurationIsVisible = 0;
			defaultConfigurationName = Release;
		};
		8ADC2B1A1D742425000EE9B3 /* Build configuration list for PBXNativeTarget "WeatherForecastAppTests" */ = {
			isa = XCConfigurationList;
			buildConfigurations = (
				8ADC2B1B1D742425000EE9B3 /* Debug */,
				8ADC2B1C1D742425000EE9B3 /* Release */,
			);
			defaultConfigurationIsVisible = 0;
			defaultConfigurationName = Release;
		};
		8ADC2B1D1D742425000EE9B3 /* Build configuration list for PBXNativeTarget "WeatherForecastAppUITests" */ = {
			isa = XCConfigurationList;
			buildConfigurations = (
				8ADC2B1E1D742425000EE9B3 /* Debug */,
				8ADC2B1F1D742425000EE9B3 /* Release */,
			);
			defaultConfigurationIsVisible = 0;
			defaultConfigurationName = Release;
		};
/* End XCConfigurationList section */

/* Begin XCVersionGroup section */
		8ADC2AF61D742425000EE9B3 /* WeatherForecastApp.xcdatamodeld */ = {
			isa = XCVersionGroup;
			children = (
				8A83DAF51D8BB76300C5CC08 /* WeatherForecastApp 2.xcdatamodel */,
				8ADC2AF71D742425000EE9B3 /* WeatherForecastApp.xcdatamodel */,
			);
			currentVersion = 8A83DAF51D8BB76300C5CC08 /* WeatherForecastApp 2.xcdatamodel */;
			path = WeatherForecastApp.xcdatamodeld;
			sourceTree = "<group>";
			versionGroupType = wrapper.xcdatamodel;
		};
/* End XCVersionGroup section */
	};
	rootObject = 8ADC2ADF1D742424000EE9B3 /* Project object */;
}
